// !$*UTF8*$!
{
	archiveVersion = 1;
	classes = {
	};
	objectVersion = 50;
	objects = {

/* Begin PBXBuildFile section */
		493699F6214B30A600DBBFAC /* Resources.swift in Sources */ = {isa = PBXBuildFile; fileRef = 493699F5214B30A600DBBFAC /* Resources.swift */; };
		493699F8214B37B900DBBFAC /* SampleEntity.swift in Sources */ = {isa = PBXBuildFile; fileRef = 493699F7214B37B900DBBFAC /* SampleEntity.swift */; };
		493699FA214B3C7500DBBFAC /* RoundedButton.swift in Sources */ = {isa = PBXBuildFile; fileRef = 493699F9214B3C7500DBBFAC /* RoundedButton.swift */; };
		497541AB214A885A006CC7C0 /* AppDelegate.swift in Sources */ = {isa = PBXBuildFile; fileRef = 497541AA214A885A006CC7C0 /* AppDelegate.swift */; };
		497541B0214A885A006CC7C0 /* Main.storyboard in Resources */ = {isa = PBXBuildFile; fileRef = 497541AE214A885A006CC7C0 /* Main.storyboard */; };
		497541B2214A885C006CC7C0 /* Assets.xcassets in Resources */ = {isa = PBXBuildFile; fileRef = 497541B1214A885C006CC7C0 /* Assets.xcassets */; };
		497541B5214A885C006CC7C0 /* LaunchScreen.storyboard in Resources */ = {isa = PBXBuildFile; fileRef = 497541B3214A885C006CC7C0 /* LaunchScreen.storyboard */; };
		497541BD214A8889006CC7C0 /* NormalizedHeightCollectionViewLayout.swift in Sources */ = {isa = PBXBuildFile; fileRef = 497541BC214A8889006CC7C0 /* NormalizedHeightCollectionViewLayout.swift */; };
		497541C8214A88A7006CC7C0 /* ListCollectionViewCell.xib in Resources */ = {isa = PBXBuildFile; fileRef = 497541BE214A88A5006CC7C0 /* ListCollectionViewCell.xib */; };
		497541C9214A88A7006CC7C0 /* Array+Extension.swift in Sources */ = {isa = PBXBuildFile; fileRef = 497541BF214A88A5006CC7C0 /* Array+Extension.swift */; };
		497541CA214A88A7006CC7C0 /* TextHeightCalculator.swift in Sources */ = {isa = PBXBuildFile; fileRef = 497541C0214A88A5006CC7C0 /* TextHeightCalculator.swift */; };
		497541CB214A88A7006CC7C0 /* GridCollectionViewCell.swift in Sources */ = {isa = PBXBuildFile; fileRef = 497541C1214A88A5006CC7C0 /* GridCollectionViewCell.swift */; };
		497541CC214A88A7006CC7C0 /* TrackableArray.swift in Sources */ = {isa = PBXBuildFile; fileRef = 497541C2214A88A6006CC7C0 /* TrackableArray.swift */; };
		497541CD214A88A7006CC7C0 /* HeightCalculable.swift in Sources */ = {isa = PBXBuildFile; fileRef = 497541C3214A88A6006CC7C0 /* HeightCalculable.swift */; };
		497541CE214A88A7006CC7C0 /* GridCollectionViewCell.xib in Resources */ = {isa = PBXBuildFile; fileRef = 497541C4214A88A6006CC7C0 /* GridCollectionViewCell.xib */; };
		497541CF214A88A7006CC7C0 /* PlainCollectionReusableView.xib in Resources */ = {isa = PBXBuildFile; fileRef = 497541C5214A88A6006CC7C0 /* PlainCollectionReusableView.xib */; };
		497541D0214A88A7006CC7C0 /* PlainCollectionReusableView.swift in Sources */ = {isa = PBXBuildFile; fileRef = 497541C6214A88A6006CC7C0 /* PlainCollectionReusableView.swift */; };
		497541D1214A88A7006CC7C0 /* ListCollectionViewCell.swift in Sources */ = {isa = PBXBuildFile; fileRef = 497541C7214A88A7006CC7C0 /* ListCollectionViewCell.swift */; };
		497541D3214A88B9006CC7C0 /* NormalizedHeightCollectionViewController.swift in Sources */ = {isa = PBXBuildFile; fileRef = 497541D2214A88B9006CC7C0 /* NormalizedHeightCollectionViewController.swift */; };
/* End PBXBuildFile section */

/* Begin PBXFileReference section */
		493699F5214B30A600DBBFAC /* Resources.swift */ = {isa = PBXFileReference; fileEncoding = 4; lastKnownFileType = sourcecode.swift; path = Resources.swift; sourceTree = "<group>"; };
		493699F7214B37B900DBBFAC /* SampleEntity.swift */ = {isa = PBXFileReference; fileEncoding = 4; lastKnownFileType = sourcecode.swift; path = SampleEntity.swift; sourceTree = "<group>"; };
		493699F9214B3C7500DBBFAC /* RoundedButton.swift */ = {isa = PBXFileReference; fileEncoding = 4; lastKnownFileType = sourcecode.swift; path = RoundedButton.swift; sourceTree = "<group>"; };
		497541A7214A885A006CC7C0 /* NormalizedHeightCollectionViewLayout.app */ = {isa = PBXFileReference; explicitFileType = wrapper.application; includeInIndex = 0; path = NormalizedHeightCollectionViewLayout.app; sourceTree = BUILT_PRODUCTS_DIR; };
		497541AA214A885A006CC7C0 /* AppDelegate.swift */ = {isa = PBXFileReference; lastKnownFileType = sourcecode.swift; path = AppDelegate.swift; sourceTree = "<group>"; };
		497541AF214A885A006CC7C0 /* Base */ = {isa = PBXFileReference; lastKnownFileType = file.storyboard; name = Base; path = Base.lproj/Main.storyboard; sourceTree = "<group>"; };
		497541B1214A885C006CC7C0 /* Assets.xcassets */ = {isa = PBXFileReference; lastKnownFileType = folder.assetcatalog; path = Assets.xcassets; sourceTree = "<group>"; };
		497541B4214A885C006CC7C0 /* Base */ = {isa = PBXFileReference; lastKnownFileType = file.storyboard; name = Base; path = Base.lproj/LaunchScreen.storyboard; sourceTree = "<group>"; };
		497541B6214A885C006CC7C0 /* Info.plist */ = {isa = PBXFileReference; lastKnownFileType = text.plist.xml; path = Info.plist; sourceTree = "<group>"; };
		497541BC214A8889006CC7C0 /* NormalizedHeightCollectionViewLayout.swift */ = {isa = PBXFileReference; fileEncoding = 4; lastKnownFileType = sourcecode.swift; name = NormalizedHeightCollectionViewLayout.swift; path = ../../NormalizedHeightCollectionViewLayout/NormalizedHeightCollectionViewLayout.swift; sourceTree = "<group>"; };
		497541BE214A88A5006CC7C0 /* ListCollectionViewCell.xib */ = {isa = PBXFileReference; fileEncoding = 4; lastKnownFileType = file.xib; path = ListCollectionViewCell.xib; sourceTree = "<group>"; };
		497541BF214A88A5006CC7C0 /* Array+Extension.swift */ = {isa = PBXFileReference; fileEncoding = 4; lastKnownFileType = sourcecode.swift; path = "Array+Extension.swift"; sourceTree = "<group>"; };
		497541C0214A88A5006CC7C0 /* TextHeightCalculator.swift */ = {isa = PBXFileReference; fileEncoding = 4; lastKnownFileType = sourcecode.swift; path = TextHeightCalculator.swift; sourceTree = "<group>"; };
		497541C1214A88A5006CC7C0 /* GridCollectionViewCell.swift */ = {isa = PBXFileReference; fileEncoding = 4; lastKnownFileType = sourcecode.swift; path = GridCollectionViewCell.swift; sourceTree = "<group>"; };
		497541C2214A88A6006CC7C0 /* TrackableArray.swift */ = {isa = PBXFileReference; fileEncoding = 4; lastKnownFileType = sourcecode.swift; path = TrackableArray.swift; sourceTree = "<group>"; };
		497541C3214A88A6006CC7C0 /* HeightCalculable.swift */ = {isa = PBXFileReference; fileEncoding = 4; lastKnownFileType = sourcecode.swift; path = HeightCalculable.swift; sourceTree = "<group>"; };
		497541C4214A88A6006CC7C0 /* GridCollectionViewCell.xib */ = {isa = PBXFileReference; fileEncoding = 4; lastKnownFileType = file.xib; path = GridCollectionViewCell.xib; sourceTree = "<group>"; };
		497541C5214A88A6006CC7C0 /* PlainCollectionReusableView.xib */ = {isa = PBXFileReference; fileEncoding = 4; lastKnownFileType = file.xib; path = PlainCollectionReusableView.xib; sourceTree = "<group>"; };
		497541C6214A88A6006CC7C0 /* PlainCollectionReusableView.swift */ = {isa = PBXFileReference; fileEncoding = 4; lastKnownFileType = sourcecode.swift; path = PlainCollectionReusableView.swift; sourceTree = "<group>"; };
		497541C7214A88A7006CC7C0 /* ListCollectionViewCell.swift */ = {isa = PBXFileReference; fileEncoding = 4; lastKnownFileType = sourcecode.swift; path = ListCollectionViewCell.swift; sourceTree = "<group>"; };
		497541D2214A88B9006CC7C0 /* NormalizedHeightCollectionViewController.swift */ = {isa = PBXFileReference; fileEncoding = 4; lastKnownFileType = sourcecode.swift; path = NormalizedHeightCollectionViewController.swift; sourceTree = "<group>"; };
/* End PBXFileReference section */

/* Begin PBXFrameworksBuildPhase section */
		497541A4214A885A006CC7C0 /* Frameworks */ = {
			isa = PBXFrameworksBuildPhase;
			buildActionMask = 2147483647;
			files = (
			);
			runOnlyForDeploymentPostprocessing = 0;
		};
/* End PBXFrameworksBuildPhase section */

/* Begin PBXGroup section */
		4975419E214A885A006CC7C0 = {
			isa = PBXGroup;
			children = (
				497541A9214A885A006CC7C0 /* NormalizedHeightCollectionViewLayout */,
				497541A8214A885A006CC7C0 /* Products */,
			);
			sourceTree = "<group>";
		};
		497541A8214A885A006CC7C0 /* Products */ = {
			isa = PBXGroup;
			children = (
				497541A7214A885A006CC7C0 /* NormalizedHeightCollectionViewLayout.app */,
			);
			name = Products;
			sourceTree = "<group>";
		};
		497541A9214A885A006CC7C0 /* NormalizedHeightCollectionViewLayout */ = {
			isa = PBXGroup;
			children = (
				497541D5214A8F95006CC7C0 /* Utility */,
				497541D4214A8F53006CC7C0 /* View */,
				493699F5214B30A600DBBFAC /* Resources.swift */,
				497541AA214A885A006CC7C0 /* AppDelegate.swift */,
				497541AE214A885A006CC7C0 /* Main.storyboard */,
				497541D2214A88B9006CC7C0 /* NormalizedHeightCollectionViewController.swift */,
				497541BC214A8889006CC7C0 /* NormalizedHeightCollectionViewLayout.swift */,
				493699F7214B37B900DBBFAC /* SampleEntity.swift */,
				497541B1214A885C006CC7C0 /* Assets.xcassets */,
				497541B3214A885C006CC7C0 /* LaunchScreen.storyboard */,
				497541B6214A885C006CC7C0 /* Info.plist */,
			);
			path = NormalizedHeightCollectionViewLayout;
			sourceTree = "<group>";
		};
		497541D4214A8F53006CC7C0 /* View */ = {
			isa = PBXGroup;
			children = (
				497541C7214A88A7006CC7C0 /* ListCollectionViewCell.swift */,
				497541BE214A88A5006CC7C0 /* ListCollectionViewCell.xib */,
				497541C1214A88A5006CC7C0 /* GridCollectionViewCell.swift */,
				497541C4214A88A6006CC7C0 /* GridCollectionViewCell.xib */,
				497541C6214A88A6006CC7C0 /* PlainCollectionReusableView.swift */,
				497541C5214A88A6006CC7C0 /* PlainCollectionReusableView.xib */,
				493699F9214B3C7500DBBFAC /* RoundedButton.swift */,
			);
			path = View;
			sourceTree = "<group>";
		};
		497541D5214A8F95006CC7C0 /* Utility */ = {
			isa = PBXGroup;
			children = (
				497541C3214A88A6006CC7C0 /* HeightCalculable.swift */,
				497541C2214A88A6006CC7C0 /* TrackableArray.swift */,
				497541C0214A88A5006CC7C0 /* TextHeightCalculator.swift */,
				497541BF214A88A5006CC7C0 /* Array+Extension.swift */,
			);
			name = Utility;
			path = ../../NormalizedHeightCollectionViewLayout/Utility;
			sourceTree = "<group>";
		};
/* End PBXGroup section */

/* Begin PBXNativeTarget section */
		497541A6214A885A006CC7C0 /* NormalizedHeightCollectionViewLayout */ = {
			isa = PBXNativeTarget;
			buildConfigurationList = 497541B9214A885C006CC7C0 /* Build configuration list for PBXNativeTarget "NormalizedHeightCollectionViewLayout" */;
			buildPhases = (
				497541A3214A885A006CC7C0 /* Sources */,
				497541A4214A885A006CC7C0 /* Frameworks */,
				497541A5214A885A006CC7C0 /* Resources */,
			);
			buildRules = (
			);
			dependencies = (
			);
			name = NormalizedHeightCollectionViewLayout;
			productName = DynamicHeightCollectionViewLayout;
			productReference = 497541A7214A885A006CC7C0 /* NormalizedHeightCollectionViewLayout.app */;
			productType = "com.apple.product-type.application";
		};
/* End PBXNativeTarget section */

/* Begin PBXProject section */
		4975419F214A885A006CC7C0 /* Project object */ = {
			isa = PBXProject;
			attributes = {
				LastSwiftUpdateCheck = 0930;
				LastUpgradeCheck = 0930;
				ORGANIZATIONNAME = "Andrew Tantomo";
				TargetAttributes = {
					497541A6214A885A006CC7C0 = {
						CreatedOnToolsVersion = 9.3;
					};
				};
			};
			buildConfigurationList = 497541A2214A885A006CC7C0 /* Build configuration list for PBXProject "NormalizedHeightCollectionViewLayout" */;
			compatibilityVersion = "Xcode 9.3";
			developmentRegion = en;
			hasScannedForEncodings = 0;
			knownRegions = (
				en,
				Base,
			);
			mainGroup = 4975419E214A885A006CC7C0;
			productRefGroup = 497541A8214A885A006CC7C0 /* Products */;
			projectDirPath = "";
			projectRoot = "";
			targets = (
				497541A6214A885A006CC7C0 /* NormalizedHeightCollectionViewLayout */,
			);
		};
/* End PBXProject section */

/* Begin PBXResourcesBuildPhase section */
		497541A5214A885A006CC7C0 /* Resources */ = {
			isa = PBXResourcesBuildPhase;
			buildActionMask = 2147483647;
			files = (
				497541C8214A88A7006CC7C0 /* ListCollectionViewCell.xib in Resources */,
				497541B5214A885C006CC7C0 /* LaunchScreen.storyboard in Resources */,
				497541B2214A885C006CC7C0 /* Assets.xcassets in Resources */,
				497541B0214A885A006CC7C0 /* Main.storyboard in Resources */,
				497541CF214A88A7006CC7C0 /* PlainCollectionReusableView.xib in Resources */,
				497541CE214A88A7006CC7C0 /* GridCollectionViewCell.xib in Resources */,
			);
			runOnlyForDeploymentPostprocessing = 0;
		};
/* End PBXResourcesBuildPhase section */

/* Begin PBXSourcesBuildPhase section */
		497541A3214A885A006CC7C0 /* Sources */ = {
			isa = PBXSourcesBuildPhase;
			buildActionMask = 2147483647;
			files = (
				497541D0214A88A7006CC7C0 /* PlainCollectionReusableView.swift in Sources */,
				497541AB214A885A006CC7C0 /* AppDelegate.swift in Sources */,
				497541D3214A88B9006CC7C0 /* NormalizedHeightCollectionViewController.swift in Sources */,
				497541CD214A88A7006CC7C0 /* HeightCalculable.swift in Sources */,
				493699F8214B37B900DBBFAC /* SampleEntity.swift in Sources */,
				497541CC214A88A7006CC7C0 /* TrackableArray.swift in Sources */,
				497541CA214A88A7006CC7C0 /* TextHeightCalculator.swift in Sources */,
				497541CB214A88A7006CC7C0 /* GridCollectionViewCell.swift in Sources */,
				497541BD214A8889006CC7C0 /* NormalizedHeightCollectionViewLayout.swift in Sources */,
				493699F6214B30A600DBBFAC /* Resources.swift in Sources */,
				497541D1214A88A7006CC7C0 /* ListCollectionViewCell.swift in Sources */,
				497541C9214A88A7006CC7C0 /* Array+Extension.swift in Sources */,
				493699FA214B3C7500DBBFAC /* RoundedButton.swift in Sources */,
			);
			runOnlyForDeploymentPostprocessing = 0;
		};
/* End PBXSourcesBuildPhase section */

/* Begin PBXVariantGroup section */
		497541AE214A885A006CC7C0 /* Main.storyboard */ = {
			isa = PBXVariantGroup;
			children = (
				497541AF214A885A006CC7C0 /* Base */,
			);
			name = Main.storyboard;
			sourceTree = "<group>";
		};
		497541B3214A885C006CC7C0 /* LaunchScreen.storyboard */ = {
			isa = PBXVariantGroup;
			children = (
				497541B4214A885C006CC7C0 /* Base */,
			);
			name = LaunchScreen.storyboard;
			sourceTree = "<group>";
		};
/* End PBXVariantGroup section */

/* Begin XCBuildConfiguration section */
		497541B7214A885C006CC7C0 /* Debug */ = {
			isa = XCBuildConfiguration;
			buildSettings = {
				ALWAYS_SEARCH_USER_PATHS = NO;
				CLANG_ANALYZER_NONNULL = YES;
				CLANG_ANALYZER_NUMBER_OBJECT_CONVERSION = YES_AGGRESSIVE;
				CLANG_CXX_LANGUAGE_STANDARD = "gnu++14";
				CLANG_CXX_LIBRARY = "libc++";
				CLANG_ENABLE_MODULES = YES;
				CLANG_ENABLE_OBJC_ARC = YES;
				CLANG_ENABLE_OBJC_WEAK = YES;
				CLANG_WARN_BLOCK_CAPTURE_AUTORELEASING = YES;
				CLANG_WARN_BOOL_CONVERSION = YES;
				CLANG_WARN_COMMA = YES;
				CLANG_WARN_CONSTANT_CONVERSION = YES;
				CLANG_WARN_DEPRECATED_OBJC_IMPLEMENTATIONS = YES;
				CLANG_WARN_DIRECT_OBJC_ISA_USAGE = YES_ERROR;
				CLANG_WARN_DOCUMENTATION_COMMENTS = YES;
				CLANG_WARN_EMPTY_BODY = YES;
				CLANG_WARN_ENUM_CONVERSION = YES;
				CLANG_WARN_INFINITE_RECURSION = YES;
				CLANG_WARN_INT_CONVERSION = YES;
				CLANG_WARN_NON_LITERAL_NULL_CONVERSION = YES;
				CLANG_WARN_OBJC_IMPLICIT_RETAIN_SELF = YES;
				CLANG_WARN_OBJC_LITERAL_CONVERSION = YES;
				CLANG_WARN_OBJC_ROOT_CLASS = YES_ERROR;
				CLANG_WARN_RANGE_LOOP_ANALYSIS = YES;
				CLANG_WARN_STRICT_PROTOTYPES = YES;
				CLANG_WARN_SUSPICIOUS_MOVE = YES;
				CLANG_WARN_UNGUARDED_AVAILABILITY = YES_AGGRESSIVE;
				CLANG_WARN_UNREACHABLE_CODE = YES;
				CLANG_WARN__DUPLICATE_METHOD_MATCH = YES;
				CODE_SIGN_IDENTITY = "iPhone Developer";
				COPY_PHASE_STRIP = NO;
				DEBUG_INFORMATION_FORMAT = dwarf;
				ENABLE_STRICT_OBJC_MSGSEND = YES;
				ENABLE_TESTABILITY = YES;
				GCC_C_LANGUAGE_STANDARD = gnu11;
				GCC_DYNAMIC_NO_PIC = NO;
				GCC_NO_COMMON_BLOCKS = YES;
				GCC_OPTIMIZATION_LEVEL = 0;
				GCC_PREPROCESSOR_DEFINITIONS = (
					"DEBUG=1",
					"$(inherited)",
				);
				GCC_WARN_64_TO_32_BIT_CONVERSION = YES;
				GCC_WARN_ABOUT_RETURN_TYPE = YES_ERROR;
				GCC_WARN_UNDECLARED_SELECTOR = YES;
				GCC_WARN_UNINITIALIZED_AUTOS = YES_AGGRESSIVE;
				GCC_WARN_UNUSED_FUNCTION = YES;
				GCC_WARN_UNUSED_VARIABLE = YES;
				IPHONEOS_DEPLOYMENT_TARGET = 11.3;
				MTL_ENABLE_DEBUG_INFO = YES;
				ONLY_ACTIVE_ARCH = YES;
				SDKROOT = iphoneos;
				SWIFT_ACTIVE_COMPILATION_CONDITIONS = DEBUG;
				SWIFT_OPTIMIZATION_LEVEL = "-Onone";
			};
			name = Debug;
		};
		497541B8214A885C006CC7C0 /* Release */ = {
			isa = XCBuildConfiguration;
			buildSettings = {
				ALWAYS_SEARCH_USER_PATHS = NO;
				CLANG_ANALYZER_NONNULL = YES;
				CLANG_ANALYZER_NUMBER_OBJECT_CONVERSION = YES_AGGRESSIVE;
				CLANG_CXX_LANGUAGE_STANDARD = "gnu++14";
				CLANG_CXX_LIBRARY = "libc++";
				CLANG_ENABLE_MODULES = YES;
				CLANG_ENABLE_OBJC_ARC = YES;
				CLANG_ENABLE_OBJC_WEAK = YES;
				CLANG_WARN_BLOCK_CAPTURE_AUTORELEASING = YES;
				CLANG_WARN_BOOL_CONVERSION = YES;
				CLANG_WARN_COMMA = YES;
				CLANG_WARN_CONSTANT_CONVERSION = YES;
				CLANG_WARN_DEPRECATED_OBJC_IMPLEMENTATIONS = YES;
				CLANG_WARN_DIRECT_OBJC_ISA_USAGE = YES_ERROR;
				CLANG_WARN_DOCUMENTATION_COMMENTS = YES;
				CLANG_WARN_EMPTY_BODY = YES;
				CLANG_WARN_ENUM_CONVERSION = YES;
				CLANG_WARN_INFINITE_RECURSION = YES;
				CLANG_WARN_INT_CONVERSION = YES;
				CLANG_WARN_NON_LITERAL_NULL_CONVERSION = YES;
				CLANG_WARN_OBJC_IMPLICIT_RETAIN_SELF = YES;
				CLANG_WARN_OBJC_LITERAL_CONVERSION = YES;
				CLANG_WARN_OBJC_ROOT_CLASS = YES_ERROR;
				CLANG_WARN_RANGE_LOOP_ANALYSIS = YES;
				CLANG_WARN_STRICT_PROTOTYPES = YES;
				CLANG_WARN_SUSPICIOUS_MOVE = YES;
				CLANG_WARN_UNGUARDED_AVAILABILITY = YES_AGGRESSIVE;
				CLANG_WARN_UNREACHABLE_CODE = YES;
				CLANG_WARN__DUPLICATE_METHOD_MATCH = YES;
				CODE_SIGN_IDENTITY = "iPhone Developer";
				COPY_PHASE_STRIP = NO;
				DEBUG_INFORMATION_FORMAT = "dwarf-with-dsym";
				ENABLE_NS_ASSERTIONS = NO;
				ENABLE_STRICT_OBJC_MSGSEND = YES;
				GCC_C_LANGUAGE_STANDARD = gnu11;
				GCC_NO_COMMON_BLOCKS = YES;
				GCC_WARN_64_TO_32_BIT_CONVERSION = YES;
				GCC_WARN_ABOUT_RETURN_TYPE = YES_ERROR;
				GCC_WARN_UNDECLARED_SELECTOR = YES;
				GCC_WARN_UNINITIALIZED_AUTOS = YES_AGGRESSIVE;
				GCC_WARN_UNUSED_FUNCTION = YES;
				GCC_WARN_UNUSED_VARIABLE = YES;
				IPHONEOS_DEPLOYMENT_TARGET = 11.3;
				MTL_ENABLE_DEBUG_INFO = NO;
				SDKROOT = iphoneos;
				SWIFT_COMPILATION_MODE = wholemodule;
				SWIFT_OPTIMIZATION_LEVEL = "-O";
				VALIDATE_PRODUCT = YES;
			};
			name = Release;
		};
		497541BA214A885C006CC7C0 /* Debug */ = {
			isa = XCBuildConfiguration;
			buildSettings = {
				ASSETCATALOG_COMPILER_APPICON_NAME = AppIcon;
				CODE_SIGN_IDENTITY = "iPhone Developer";
				CODE_SIGN_STYLE = Manual;
				DEVELOPMENT_TEAM = "";
				INFOPLIST_FILE = NormalizedHeightCollectionViewLayout/Info.plist;
				IPHONEOS_DEPLOYMENT_TARGET = 9.0;
				LD_RUNPATH_SEARCH_PATHS = (
					"$(inherited)",
					"@executable_path/Frameworks",
				);
				PRODUCT_BUNDLE_IDENTIFIER = "Andrew-Tantomo.NormalizedHeightCollectionViewLayout";
				PRODUCT_NAME = "$(TARGET_NAME)";
				PROVISIONING_PROFILE_SPECIFIER = "";
				SWIFT_VERSION = 4.0;
				TARGETED_DEVICE_FAMILY = "1,2";
			};
			name = Debug;
		};
		497541BB214A885C006CC7C0 /* Release */ = {
			isa = XCBuildConfiguration;
			buildSettings = {
				ASSETCATALOG_COMPILER_APPICON_NAME = AppIcon;
				CODE_SIGN_IDENTITY = "iPhone Developer";
				CODE_SIGN_STYLE = Manual;
				DEVELOPMENT_TEAM = "";
				INFOPLIST_FILE = NormalizedHeightCollectionViewLayout/Info.plist;
				IPHONEOS_DEPLOYMENT_TARGET = 9.0;
				LD_RUNPATH_SEARCH_PATHS = (
					"$(inherited)",
					"@executable_path/Frameworks",
				);
				PRODUCT_BUNDLE_IDENTIFIER = "Andrew-Tantomo.NormalizedHeightCollectionViewLayout";
				PRODUCT_NAME = "$(TARGET_NAME)";
				PROVISIONING_PROFILE_SPECIFIER = "";
				SWIFT_VERSION = 4.0;
				TARGETED_DEVICE_FAMILY = "1,2";
			};
			name = Release;
		};
/* End XCBuildConfiguration section */

/* Begin XCConfigurationList section */
		497541A2214A885A006CC7C0 /* Build configuration list for PBXProject "NormalizedHeightCollectionViewLayout" */ = {
			isa = XCConfigurationList;
			buildConfigurations = (
				497541B7214A885C006CC7C0 /* Debug */,
				497541B8214A885C006CC7C0 /* Release */,
			);
			defaultConfigurationIsVisible = 0;
			defaultConfigurationName = Release;
		};
		497541B9214A885C006CC7C0 /* Build configuration list for PBXNativeTarget "NormalizedHeightCollectionViewLayout" */ = {
			isa = XCConfigurationList;
			buildConfigurations = (
				497541BA214A885C006CC7C0 /* Debug */,
				497541BB214A885C006CC7C0 /* Release */,
			);
			defaultConfigurationIsVisible = 0;
			defaultConfigurationName = Release;
		};
/* End XCConfigurationList section */
	};
	rootObject = 4975419F214A885A006CC7C0 /* Project object */;
}
